
Microsoft Visual Studio Solution File, Format Version 12.00
# Visual Studio Version 17
VisualStudioVersion = 17.4.33213.308
MinimumVisualStudioVersion = 10.0.40219.1
Project("{2150E333-8FDC-42A3-9474-1A3956D46DE8}") = "WalletService.Application", "WalletService.Application", "{CC2F86AE-0265-4CC9-B20A-7FB9E18737A3}"
EndProject
Project("{2150E333-8FDC-42A3-9474-1A3956D46DE8}") = "WalletService.Core", "WalletService.Core", "{A0261421-10F9-4B14-9CE5-106E1E7352DD}"
EndProject
Project("{2150E333-8FDC-42A3-9474-1A3956D46DE8}") = "WalletService.Infrastructure", "WalletService.Infrastructure", "{225E1E14-A5C8-413E-A2AE-7075C1639A88}"
EndProject
Project("{2150E333-8FDC-42A3-9474-1A3956D46DE8}") = "WalletService.Presentation", "WalletService.Presentation", "{740FA80D-D2DF-47C4-B6B4-754A50F60E02}"
EndProject
Project("{9A19103F-16F7-4668-BE54-9A1E7A4F7556}") = "WalletService.Application", "Wallet.Application\WalletService.Application.csproj", "{7BDAE136-CE3C-4D58-BB74-4F4157997CA6}"
EndProject
Project("{9A19103F-16F7-4668-BE54-9A1E7A4F7556}") = "WalletService.Domain", "Wallet.Domain\WalletService.Domain.csproj", "{EAD8D478-7B2D-44D9-A4AB-F472DED37988}"
EndProject
Project("{9A19103F-16F7-4668-BE54-9A1E7A4F7556}") = "WalletService.infrastructure", "Wallet.infrastructure\WalletService.infrastructure.csproj", "{F7AA3765-4B24-4780-B85F-0462EF06DD74}"
EndProject
Project("{9A19103F-16F7-4668-BE54-9A1E7A4F7556}") = "WalletService.WebApi", "Wallet.WebApi\WalletService.WebApi.csproj", "{D778247F-31D6-428D-9DA3-42C1A2BC077A}"
EndProject
Project("{2150E333-8FDC-42A3-9474-1A3956D46DE8}") = "Tests", "Tests", "{E5EFEA3F-B284-45DC-B492-1B1540296156}"
EndProject
Project("{9A19103F-16F7-4668-BE54-9A1E7A4F7556}") = "WalletService.Test", "WalletService.Test\WalletService.Test.csproj", "{83B20EAF-0476-446D-9D06-F1F8BFAD0D03}"
EndProject
Global
	GlobalSection(SolutionConfigurationPlatforms) = preSolution
		Debug|Any CPU = Debug|Any CPU
		Release|Any CPU = Release|Any CPU
	EndGlobalSection
	GlobalSection(ProjectConfigurationPlatforms) = postSolution
		{7BDAE136-CE3C-4D58-BB74-4F4157997CA6}.Debug|Any CPU.ActiveCfg = Debug|Any CPU
		{7BDAE136-CE3C-4D58-BB74-4F4157997CA6}.Debug|Any CPU.Build.0 = Debug|Any CPU
		{7BDAE136-CE3C-4D58-BB74-4F4157997CA6}.Release|Any CPU.ActiveCfg = Release|Any CPU
		{7BDAE136-CE3C-4D58-BB74-4F4157997CA6}.Release|Any CPU.Build.0 = Release|Any CPU
		{EAD8D478-7B2D-44D9-A4AB-F472DED37988}.Debug|Any CPU.ActiveCfg = Debug|Any CPU
		{EAD8D478-7B2D-44D9-A4AB-F472DED37988}.Debug|Any CPU.Build.0 = Debug|Any CPU
		{EAD8D478-7B2D-44D9-A4AB-F472DED37988}.Release|Any CPU.ActiveCfg = Release|Any CPU
		{EAD8D478-7B2D-44D9-A4AB-F472DED37988}.Release|Any CPU.Build.0 = Release|Any CPU
		{F7AA3765-4B24-4780-B85F-0462EF06DD74}.Debug|Any CPU.ActiveCfg = Debug|Any CPU
		{F7AA3765-4B24-4780-B85F-0462EF06DD74}.Debug|Any CPU.Build.0 = Debug|Any CPU
		{F7AA3765-4B24-4780-B85F-0462EF06DD74}.Release|Any CPU.ActiveCfg = Release|Any CPU
		{F7AA3765-4B24-4780-B85F-0462EF06DD74}.Release|Any CPU.Build.0 = Release|Any CPU
		{D778247F-31D6-428D-9DA3-42C1A2BC077A}.Debug|Any CPU.ActiveCfg = Debug|Any CPU
		{D778247F-31D6-428D-9DA3-42C1A2BC077A}.Debug|Any CPU.Build.0 = Debug|Any CPU
		{D778247F-31D6-428D-9DA3-42C1A2BC077A}.Release|Any CPU.ActiveCfg = Release|Any CPU
		{D778247F-31D6-428D-9DA3-42C1A2BC077A}.Release|Any CPU.Build.0 = Release|Any CPU
		{83B20EAF-0476-446D-9D06-F1F8BFAD0D03}.Debug|Any CPU.ActiveCfg = Debug|Any CPU
		{83B20EAF-0476-446D-9D06-F1F8BFAD0D03}.Debug|Any CPU.Build.0 = Debug|Any CPU
		{83B20EAF-0476-446D-9D06-F1F8BFAD0D03}.Release|Any CPU.ActiveCfg = Release|Any CPU
		{83B20EAF-0476-446D-9D06-F1F8BFAD0D03}.Release|Any CPU.Build.0 = Release|Any CPU
	EndGlobalSection
	GlobalSection(SolutionProperties) = preSolution
		HideSolutionNode = FALSE
	EndGlobalSection
	GlobalSection(NestedProjects) = preSolution
		{7BDAE136-CE3C-4D58-BB74-4F4157997CA6} = {CC2F86AE-0265-4CC9-B20A-7FB9E18737A3}
		{EAD8D478-7B2D-44D9-A4AB-F472DED37988} = {A0261421-10F9-4B14-9CE5-106E1E7352DD}
		{F7AA3765-4B24-4780-B85F-0462EF06DD74} = {225E1E14-A5C8-413E-A2AE-7075C1639A88}
		{D778247F-31D6-428D-9DA3-42C1A2BC077A} = {740FA80D-D2DF-47C4-B6B4-754A50F60E02}
		{83B20EAF-0476-446D-9D06-F1F8BFAD0D03} = {E5EFEA3F-B284-45DC-B492-1B1540296156}
	EndGlobalSection
	GlobalSection(ExtensibilityGlobals) = postSolution
		SolutionGuid = {25CC4001-934D-4EDB-A7ED-FF285FE82CD9}
	EndGlobalSection
EndGlobal
